
Microsoft Visual Studio Solution File, Format Version 12.00
# Visual Studio Version 17
VisualStudioVersion = 17.4.33122.133
MinimumVisualStudioVersion = 10.0.40219.1
Project("{FAE04EC0-301F-11D3-BF4B-00C04F79EFBC}") = "WindowsFormsApp116", "WindowsFormsApp116\WindowsFormsApp116.csproj", "{DA80AEC0-DF87-4A3F-A9D0-FAE278092E95}"
EndProject
Global
	GlobalSection(SolutionConfigurationPlatforms) = preSolution
		Debug|Any CPU = Debug|Any CPU
		Release|Any CPU = Release|Any CPU
	EndGlobalSection
	GlobalSection(ProjectConfigurationPlatforms) = postSolution
		{DA80AEC0-DF87-4A3F-A9D0-FAE278092E95}.Debug|Any CPU.ActiveCfg = Debug|Any CPU
		{DA80AEC0-DF87-4A3F-A9D0-FAE278092E95}.Debug|Any CPU.Build.0 = Debug|Any CPU
		{DA80AEC0-DF87-4A3F-A9D0-FAE278092E95}.Release|Any CPU.ActiveCfg = Release|Any CPU
		{DA80AEC0-DF87-4A3F-A9D0-FAE278092E95}.Release|Any CPU.Build.0 = Release|Any CPU
	EndGlobalSection
	GlobalSection(SolutionProperties) = preSolution
		HideSolutionNode = FALSE
	EndGlobalSection
	GlobalSection(ExtensibilityGlobals) = postSolution
		SolutionGuid = {A8B4E911-6988-4162-A967-F687D1C67A58}
	EndGlobalSection
EndGlobal
